
Microsoft Visual Studio Solution File, Format Version 12.00
# Visual Studio Version 17
VisualStudioVersion = 17.5.002.0
MinimumVisualStudioVersion = 10.0.40219.1
Project("{9A19103F-16F7-4668-BE54-9A1E7A4F7556}") = "Plotter", "Plotter.csproj", "{887C12D9-FA18-4374-9007-F2001A66EBF8}"
EndProject
Global
	GlobalSection(SolutionConfigurationPlatforms) = preSolution
		Debug|Any CPU = Debug|Any CPU
		Release|Any CPU = Release|Any CPU
	EndGlobalSection
	GlobalSection(ProjectConfigurationPlatforms) = postSolution
		{887C12D9-FA18-4374-9007-F2001A66EBF8}.Debug|Any CPU.ActiveCfg = Debug|Any CPU
		{887C12D9-FA18-4374-9007-F2001A66EBF8}.Debug|Any CPU.Build.0 = Debug|Any CPU
		{887C12D9-FA18-4374-9007-F2001A66EBF8}.Release|Any CPU.ActiveCfg = Release|Any CPU
		{887C12D9-FA18-4374-9007-F2001A66EBF8}.Release|Any CPU.Build.0 = Release|Any CPU
	EndGlobalSection
	GlobalSection(SolutionProperties) = preSolution
		HideSolutionNode = FALSE
	EndGlobalSection
	GlobalSection(ExtensibilityGlobals) = postSolution
		SolutionGuid = {A74306A8-4CFB-4F7B-934E-255E7BA6BCD1}
	EndGlobalSection
EndGlobal
